{
  "version": 4,
  "terraform_version": "1.8.0",
  "serial": 12,
  "lineage": "dd8876e9-31e5-d841-8952-bbf06b56e26d",
  "outputs": {
    "droplet_ip_address": {
      "value": "143.198.152.193",
      "type": "string"
    }
  },
  "resources": [
    {
      "mode": "managed",
      "type": "digitalocean_droplet",
      "name": "dada-forest",
      "provider": "provider[\"registry.terraform.io/digitalocean/digitalocean\"]",
      "instances": [
        {
          "schema_version": 1,
          "attributes": {
            "backups": false,
            "created_at": "2024-04-11T21:38:38Z",
            "disk": 25,
            "droplet_agent": null,
            "graceful_shutdown": false,
            "id": "412326668",
            "image": "ubuntu-23-10-x64",
            "ipv4_address": "143.198.152.193",
            "ipv4_address_private": "10.124.0.2",
            "ipv6": false,
            "ipv6_address": "",
            "locked": false,
            "memory": 1024,
            "monitoring": true,
            "name": "dada-forest",
            "price_hourly": 0.00893,
            "price_monthly": 6,
            "private_networking": true,
            "region": "sfo3",
            "resize_disk": true,
            "size": "s-1vcpu-1gb",
            "ssh_keys": [
              "41605491"
            ],
            "status": "active",
            "tags": [
              "dada-forest"
            ],
            "timeouts": null,
            "urn": "do:droplet:412326668",
            "user_data": "91a531d4811551637ed76e99d62995d8e855b5da",
            "vcpus": 1,
            "volume_ids": [],
            "vpc_uuid": "5192db3a-8300-4ddb-88dd-34d246a0b6af"
          },
          "sensitive_attributes": [],
          "private": "eyJlMmJmYjczMC1lY2FhLTExZTYtOGY4OC0zNDM2M2JjN2M0YzAiOnsiY3JlYXRlIjozNjAwMDAwMDAwMDAwLCJkZWxldGUiOjYwMDAwMDAwMDAwLCJ1cGRhdGUiOjM2MDAwMDAwMDAwMDB9LCJzY2hlbWFfdmVyc2lvbiI6IjEifQ==",
          "dependencies": [
            "digitalocean_ssh_key.dada-forest"
          ]
        }
      ]
    },
    {
      "mode": "managed",
      "type": "digitalocean_ssh_key",
      "name": "dada-forest",
      "provider": "provider[\"registry.terraform.io/digitalocean/digitalocean\"]",
      "instances": [
        {
          "schema_version": 0,
          "attributes": {
            "fingerprint": "b3:c1:22:a4:89:d2:8f:44:f2:24:3d:00:ec:a4:22:d2",
            "id": "41605491",
            "name": "Droplet ssh key",
            "public_key": "ssh-rsa AAAAB3NzaC1yc2EAAAADAQABAAABgQDQ473D6cCSmceRQ+IFrgrIcGUxqlQR7Hw/zxywBMz1bg92Qm++q+akaj8iTHnTkK3UQ5UoIpo6OD4OoTVLvYFmvGnv2uuJC4wXcOy0oA8lCxfndzQNTlwkGFDUoCDOqBKPpddFbglZkv5R57HJhVlGYitbiZ2WOOzwFiBEkTOsB8uMzG6xfa90RGVkT8kH5ssbuiWjAJ48tXC9IgZs0HZo9wc37+vJS+3a9GNGW10FYO4ss4C0nyY9OfsQezFxPjAtcGQ1yMFNMQ9BntBJezJ7ZG4aETquaFdKnIFxfd9IRUckPOpk+KNlOGWA12liO1rlsDTqYfYEA2DNN40vAajuhvZtPYyJ0xc+WlRBgZ8rI9xsD95X7PKVNIq/tOvmQzXTep5QtaJaY5+DbQj9rGZCQEc8myBjvDf4mL0TwiJtK3imKJBlroj66Etkg3YBRiytH6RxhUfa12Rm36xuEWf9A3VdT2XahkvnfrNE4wbNewJ01sqbhxy6dv07tWNfg48= acate@Thinky\n"
          },
          "sensitive_attributes": [],
          "private": "bnVsbA=="
        }
      ]
    },
    {
      "mode": "managed",
      "type": "namecheap_domain_records",
      "name": "dada-forest-net",
      "provider": "provider[\"registry.terraform.io/namecheap/namecheap\"]",
      "instances": [
        {
          "schema_version": 0,
          "attributes": {
            "domain": "dadaforest.net",
            "email_type": null,
            "id": "dadaforest.net",
            "mode": "OVERWRITE",
            "nameservers": null,
            "record": [
              {
                "address": "143.198.152.193",
                "hostname": "@",
                "mx_pref": 10,
                "ttl": 1800,
                "type": "A"
              }
            ]
          },
          "sensitive_attributes": [],
          "private": "bnVsbA==",
          "dependencies": [
            "digitalocean_droplet.dada-forest",
            "digitalocean_ssh_key.dada-forest"
          ]
        }
      ]
    }
  ],
  "check_results": null
}
